
Microsoft Visual Studio Solution File, Format Version 12.00
# Visual Studio Version 16
VisualStudioVersion = 16.0.30907.101
MinimumVisualStudioVersion = 10.0.40219.1
Project("{9A19103F-16F7-4668-BE54-9A1E7A4F7556}") = "GoodsPackaging", "GoodsPackaging.csproj", "{3F1F179B-5619-4953-AA4C-29CDDFF9C04A}"
EndProject
Global
	GlobalSection(SolutionConfigurationPlatforms) = preSolution
		Debug|Any CPU = Debug|Any CPU
		Release|Any CPU = Release|Any CPU
	EndGlobalSection
	GlobalSection(ProjectConfigurationPlatforms) = postSolution
		{3F1F179B-5619-4953-AA4C-29CDDFF9C04A}.Debug|Any CPU.ActiveCfg = Debug|Any CPU
		{3F1F179B-5619-4953-AA4C-29CDDFF9C04A}.Debug|Any CPU.Build.0 = Debug|Any CPU
		{3F1F179B-5619-4953-AA4C-29CDDFF9C04A}.Release|Any CPU.ActiveCfg = Release|Any CPU
		{3F1F179B-5619-4953-AA4C-29CDDFF9C04A}.Release|Any CPU.Build.0 = Release|Any CPU
	EndGlobalSection
	GlobalSection(SolutionProperties) = preSolution
		HideSolutionNode = FALSE
	EndGlobalSection
	GlobalSection(ExtensibilityGlobals) = postSolution
		SolutionGuid = {F90757D5-0D0D-4D7F-9E28-F46F7F6C2480}
	EndGlobalSection
EndGlobal
